
Microsoft Visual Studio Solution File, Format Version 12.00
# Visual Studio 14
VisualStudioVersion = 14.0.25420.1
MinimumVisualStudioVersion = 10.0.40219.1
Project("{FAE04EC0-301F-11D3-BF4B-00C04F79EFBC}") = "SpecFlow.ComplexObject", "SpecFlow.ComplexObject\SpecFlow.ComplexObject.csproj", "{CBA22E2D-9C29-430D-8CE5-C81FBAAB3B4D}"
EndProject
Project("{FAE04EC0-301F-11D3-BF4B-00C04F79EFBC}") = "SpecFlow.ComplexObject.Tests", "SpecFlow.ComplexObject.Tests\SpecFlow.ComplexObject.Tests.csproj", "{5E16BFB4-5E48-49E7-84F8-574D55F1BC04}"
EndProject
Global
	GlobalSection(SolutionConfigurationPlatforms) = preSolution
		Debug|Any CPU = Debug|Any CPU
		Release|Any CPU = Release|Any CPU
	EndGlobalSection
	GlobalSection(ProjectConfigurationPlatforms) = postSolution
		{CBA22E2D-9C29-430D-8CE5-C81FBAAB3B4D}.Debug|Any CPU.ActiveCfg = Debug|Any CPU
		{CBA22E2D-9C29-430D-8CE5-C81FBAAB3B4D}.Debug|Any CPU.Build.0 = Debug|Any CPU
		{CBA22E2D-9C29-430D-8CE5-C81FBAAB3B4D}.Release|Any CPU.ActiveCfg = Release|Any CPU
		{CBA22E2D-9C29-430D-8CE5-C81FBAAB3B4D}.Release|Any CPU.Build.0 = Release|Any CPU
		{5E16BFB4-5E48-49E7-84F8-574D55F1BC04}.Debug|Any CPU.ActiveCfg = Debug|Any CPU
		{5E16BFB4-5E48-49E7-84F8-574D55F1BC04}.Debug|Any CPU.Build.0 = Debug|Any CPU
		{5E16BFB4-5E48-49E7-84F8-574D55F1BC04}.Release|Any CPU.ActiveCfg = Release|Any CPU
		{5E16BFB4-5E48-49E7-84F8-574D55F1BC04}.Release|Any CPU.Build.0 = Release|Any CPU
	EndGlobalSection
	GlobalSection(SolutionProperties) = preSolution
		HideSolutionNode = FALSE
	EndGlobalSection
EndGlobal
